
Microsoft Visual Studio Solution File, Format Version 12.00
# Visual Studio Version 17
VisualStudioVersion = 17.13.36105.23 d17.13
MinimumVisualStudioVersion = 10.0.40219.1
Project("{FAE04EC0-301F-11D3-BF4B-00C04F79EFBC}") = "MouldSchedule", "MouldSchedule\MouldSchedule.csproj", "{DC04E4D9-A9C4-4805-8E27-4ACD9408C2DB}"
EndProject
Global
	GlobalSection(SolutionConfigurationPlatforms) = preSolution
		Debug|Any CPU = Debug|Any CPU
		Release|Any CPU = Release|Any CPU
	EndGlobalSection
	GlobalSection(ProjectConfigurationPlatforms) = postSolution
		{DC04E4D9-A9C4-4805-8E27-4ACD9408C2DB}.Debug|Any CPU.ActiveCfg = Debug|Any CPU
		{DC04E4D9-A9C4-4805-8E27-4ACD9408C2DB}.Debug|Any CPU.Build.0 = Debug|Any CPU
		{DC04E4D9-A9C4-4805-8E27-4ACD9408C2DB}.Release|Any CPU.ActiveCfg = Release|Any CPU
		{DC04E4D9-A9C4-4805-8E27-4ACD9408C2DB}.Release|Any CPU.Build.0 = Release|Any CPU
	EndGlobalSection
	GlobalSection(SolutionProperties) = preSolution
		HideSolutionNode = FALSE
	EndGlobalSection
	GlobalSection(ExtensibilityGlobals) = postSolution
		SolutionGuid = {8515350C-5A40-4B30-B9CC-7D8C3E9584E6}
	EndGlobalSection
EndGlobal
